<?xml version="1.0" encoding="utf-8"?>
<Project ToolsVersion="4.0" xmlns="http://schemas.microsoft.com/developer/msbuild/2003">
  <ItemGroup>
    <Filter Include="publlic">
      <UniqueIdentifier>{fd20ae65-c117-4000-899a-69b4afe68390}</UniqueIdentifier>
    </Filter>
    <Filter Include="Server">
      <UniqueIdentifier>{14bd479b-afba-4e23-963c-e625fa9d69ed}</UniqueIdentifier>
    </Filter>
  </ItemGroup>
  <ItemGroup>
    <ClCompile Include="main.cpp" />
    <ClCompile Include="..\publlic\Config.cpp">
      <Filter>publlic</Filter>
    </ClCompile>
    <ClCompile Include="Server\GetwayServer.cpp">
      <Filter>Server</Filter>
    </ClCompile>
    <ClCompile Include="Server\Getway.pb.cc">
      <Filter>Server</Filter>
    </ClCompile>
    <ClCompile Include="..\publlic\Codec.cpp">
      <Filter>publlic</Filter>
    </ClCompile>
  </ItemGroup>
  <ItemGroup>
    <ClInclude Include="..\publlic\Config.h">
      <Filter>publlic</Filter>
    </ClInclude>
    <ClInclude Include="Server\GetwayServer.h">
      <Filter>Server</Filter>
    </ClInclude>
    <ClInclude Include="Server\Getway.pb.h">
      <Filter>Server</Filter>
    </ClInclude>
    <ClInclude Include="..\publlic\Codec.h">
      <Filter>publlic</Filter>
    </ClInclude>
    <ClInclude Include="..\publlic\MessageDispatcher.h">
      <Filter>publlic</Filter>
    </ClInclude>
  </ItemGroup>
  <ItemGroup>
    <None Include="Server\Getway.proto">
      <Filter>Server</Filter>
    </None>
  </ItemGroup>
</Project>