<?xml version="1.0" encoding="utf-8"?>
<Project ToolsVersion="4.0" xmlns="http://schemas.microsoft.com/developer/msbuild/2003">
  <ItemGroup>
    <Filter Include="publlic">
      <UniqueIdentifier>{fd20ae65-c117-4000-899a-69b4afe68390}</UniqueIdentifier>
    </Filter>
    <Filter Include="Server">
      <UniqueIdentifier>{14bd479b-afba-4e23-963c-e625fa9d69ed}</UniqueIdentifier>
    </Filter>
    <Filter Include="Server\Message">
      <UniqueIdentifier>{cca40604-b47f-4636-a1e3-1c0ca3dd17cb}</UniqueIdentifier>
    </Filter>
  </ItemGroup>
  <ItemGroup>
    <ClCompile Include="main.cpp" />
    <ClCompile Include="..\publlic\Config.cpp">
      <Filter>publlic</Filter>
    </ClCompile>
    <ClCompile Include="..\publlic\Codec.cpp">
      <Filter>publlic</Filter>
    </ClCompile>
    <ClCompile Include="LoginServer\Message\Gateway.pb.cc">
      <Filter>Server\Message</Filter>
    </ClCompile>
    <ClCompile Include="LoginServer\Message\Login.pb.cc">
      <Filter>Server\Message</Filter>
    </ClCompile>
    <ClCompile Include="LoginServer\Message\MessageRegister.cpp">
      <Filter>Server\Message</Filter>
    </ClCompile>
    <ClCompile Include="LoginServer\LoginServer.cpp">
      <Filter>Server</Filter>
    </ClCompile>
    <ClCompile Include="..\publlic\Curl.cpp">
      <Filter>publlic</Filter>
    </ClCompile>
  </ItemGroup>
  <ItemGroup>
    <ClInclude Include="..\publlic\Config.h">
      <Filter>publlic</Filter>
    </ClInclude>
    <ClInclude Include="..\publlic\Codec.h">
      <Filter>publlic</Filter>
    </ClInclude>
    <ClInclude Include="..\publlic\MessageDispatcher.h">
      <Filter>publlic</Filter>
    </ClInclude>
    <ClInclude Include="LoginServer\Message\Gateway.pb.h">
      <Filter>Server\Message</Filter>
    </ClInclude>
    <ClInclude Include="LoginServer\Message\Login.pb.h">
      <Filter>Server\Message</Filter>
    </ClInclude>
    <ClInclude Include="LoginServer\Message\MessageRegister.h">
      <Filter>Server\Message</Filter>
    </ClInclude>
    <ClInclude Include="LoginServer\LoginServer.h">
      <Filter>Server</Filter>
    </ClInclude>
    <ClInclude Include="..\publlic\Curl.h">
      <Filter>publlic</Filter>
    </ClInclude>
  </ItemGroup>
  <ItemGroup>
    <None Include="LoginServer\Message\Gateway.proto">
      <Filter>Server\Message</Filter>
    </None>
    <None Include="LoginServer\Message\Login.proto">
      <Filter>Server\Message</Filter>
    </None>
  </ItemGroup>
</Project>